{
  "nodes": {
    "nixpkgs": {
      "locked": {
        "lastModified": 1709088736,
        "narHash": "sha256-f4Wg1Ofge4/g6XUQpiQq/L7QEpHp1y4vl87j2VDf8iY=",
        "owner": "NixOS",
        "repo": "nixpkgs",
        "rev": "442dba6ba4ab103f76a48c7cef51e512f47249f2",
        "type": "github"
      },
      "original": {
        "id": "nixpkgs",
        "type": "indirect"
      }
    },
    "root": {
      "inputs": {
        "nixpkgs": "nixpkgs"
      }
    }
  },
  "root": "root",
  "version": 7
}
